
Microsoft Visual Studio Solution File, Format Version 12.00
# Visual Studio 2012
Project("{FAE04EC0-301F-11D3-BF4B-00C04F79EFBC}") = "FindMyItem.WebUI", "FindMyItem.WebUI\FindMyItem.WebUI.csproj", "{33CB395F-6ABD-45C2-9A9C-41E780B62D82}"
EndProject
Project("{FAE04EC0-301F-11D3-BF4B-00C04F79EFBC}") = "FindMyItem.Common", "FindMyItem.Common\FindMyItem.Common.csproj", "{41E95EC1-13E6-4A5F-8674-71669C9510CA}"
EndProject
Project("{FAE04EC0-301F-11D3-BF4B-00C04F79EFBC}") = "FindMyItem.BusinessLogicLayer", "FindMyItem.BusinessLogicLayer\FindMyItem.BusinessLogicLayer.csproj", "{476D5A96-AFB5-460B-BFF8-94EBE705275B}"
EndProject
Project("{FAE04EC0-301F-11D3-BF4B-00C04F79EFBC}") = "FindMyItem.Tests", "FindMyItem.Tests\FindMyItem.Tests.csproj", "{1657438C-772C-4F18-A096-BB0E6CB25C0D}"
EndProject
Project("{FAE04EC0-301F-11D3-BF4B-00C04F79EFBC}") = "FindMyItem.Domain", "FindMyItem.Domain\FindMyItem.Domain.csproj", "{32F1AE3A-8979-4289-BDEB-4226B7C9F56F}"
EndProject
Project("{FAE04EC0-301F-11D3-BF4B-00C04F79EFBC}") = "FindMyItem.Managers", "FindMyItem.Managers\FindMyItem.Managers.csproj", "{7115A4FE-EFBD-4046-8D6A-E4AC47FA77FA}"
EndProject
Project("{FAE04EC0-301F-11D3-BF4B-00C04F79EFBC}") = "FindMyItem.REST", "FindMyItem.REST\FindMyItem.REST.csproj", "{6145B47B-B84A-400E-B178-918E1130655C}"
EndProject
Project("{FAE04EC0-301F-11D3-BF4B-00C04F79EFBC}") = "FindMyItem.WebAPI", "FindMyItem.WebAPI\FindMyItem.WebAPI.csproj", "{433F85CC-0E34-435C-A14D-4008CDB28AE4}"
EndProject
Project("{2150E333-8FDC-42A3-9474-1A3956D46DE8}") = "Logic", "Logic", "{DA8546D3-1EED-4DB2-ABC4-30727C2BB11F}"
EndProject
Global
	GlobalSection(SolutionConfigurationPlatforms) = preSolution
		Debug|Any CPU = Debug|Any CPU
		Debug|ARM = Debug|ARM
		Debug|x64 = Debug|x64
		Debug|x86 = Debug|x86
		Release|Any CPU = Release|Any CPU
		Release|ARM = Release|ARM
		Release|x64 = Release|x64
		Release|x86 = Release|x86
	EndGlobalSection
	GlobalSection(ProjectConfigurationPlatforms) = postSolution
		{33CB395F-6ABD-45C2-9A9C-41E780B62D82}.Debug|Any CPU.ActiveCfg = Debug|Any CPU
		{33CB395F-6ABD-45C2-9A9C-41E780B62D82}.Debug|Any CPU.Build.0 = Debug|Any CPU
		{33CB395F-6ABD-45C2-9A9C-41E780B62D82}.Debug|ARM.ActiveCfg = Debug|Any CPU
		{33CB395F-6ABD-45C2-9A9C-41E780B62D82}.Debug|x64.ActiveCfg = Debug|Any CPU
		{33CB395F-6ABD-45C2-9A9C-41E780B62D82}.Debug|x86.ActiveCfg = Debug|Any CPU
		{33CB395F-6ABD-45C2-9A9C-41E780B62D82}.Release|Any CPU.ActiveCfg = Release|Any CPU
		{33CB395F-6ABD-45C2-9A9C-41E780B62D82}.Release|Any CPU.Build.0 = Release|Any CPU
		{33CB395F-6ABD-45C2-9A9C-41E780B62D82}.Release|ARM.ActiveCfg = Release|Any CPU
		{33CB395F-6ABD-45C2-9A9C-41E780B62D82}.Release|x64.ActiveCfg = Release|Any CPU
		{33CB395F-6ABD-45C2-9A9C-41E780B62D82}.Release|x64.Build.0 = Release|Any CPU
		{33CB395F-6ABD-45C2-9A9C-41E780B62D82}.Release|x86.ActiveCfg = Release|Any CPU
		{33CB395F-6ABD-45C2-9A9C-41E780B62D82}.Release|x86.Build.0 = Release|Any CPU
		{41E95EC1-13E6-4A5F-8674-71669C9510CA}.Debug|Any CPU.ActiveCfg = Debug|Any CPU
		{41E95EC1-13E6-4A5F-8674-71669C9510CA}.Debug|Any CPU.Build.0 = Debug|Any CPU
		{41E95EC1-13E6-4A5F-8674-71669C9510CA}.Debug|ARM.ActiveCfg = Debug|Any CPU
		{41E95EC1-13E6-4A5F-8674-71669C9510CA}.Debug|x64.ActiveCfg = Debug|Any CPU
		{41E95EC1-13E6-4A5F-8674-71669C9510CA}.Debug|x86.ActiveCfg = Debug|Any CPU
		{41E95EC1-13E6-4A5F-8674-71669C9510CA}.Release|Any CPU.ActiveCfg = Release|Any CPU
		{41E95EC1-13E6-4A5F-8674-71669C9510CA}.Release|Any CPU.Build.0 = Release|Any CPU
		{41E95EC1-13E6-4A5F-8674-71669C9510CA}.Release|ARM.ActiveCfg = Release|Any CPU
		{41E95EC1-13E6-4A5F-8674-71669C9510CA}.Release|x64.ActiveCfg = Release|Any CPU
		{41E95EC1-13E6-4A5F-8674-71669C9510CA}.Release|x64.Build.0 = Release|Any CPU
		{41E95EC1-13E6-4A5F-8674-71669C9510CA}.Release|x86.ActiveCfg = Release|Any CPU
		{41E95EC1-13E6-4A5F-8674-71669C9510CA}.Release|x86.Build.0 = Release|Any CPU
		{476D5A96-AFB5-460B-BFF8-94EBE705275B}.Debug|Any CPU.ActiveCfg = Debug|Any CPU
		{476D5A96-AFB5-460B-BFF8-94EBE705275B}.Debug|Any CPU.Build.0 = Debug|Any CPU
		{476D5A96-AFB5-460B-BFF8-94EBE705275B}.Debug|ARM.ActiveCfg = Debug|Any CPU
		{476D5A96-AFB5-460B-BFF8-94EBE705275B}.Debug|x64.ActiveCfg = Debug|Any CPU
		{476D5A96-AFB5-460B-BFF8-94EBE705275B}.Debug|x86.ActiveCfg = Debug|Any CPU
		{476D5A96-AFB5-460B-BFF8-94EBE705275B}.Release|Any CPU.ActiveCfg = Release|Any CPU
		{476D5A96-AFB5-460B-BFF8-94EBE705275B}.Release|Any CPU.Build.0 = Release|Any CPU
		{476D5A96-AFB5-460B-BFF8-94EBE705275B}.Release|ARM.ActiveCfg = Release|Any CPU
		{476D5A96-AFB5-460B-BFF8-94EBE705275B}.Release|x64.ActiveCfg = Release|Any CPU
		{476D5A96-AFB5-460B-BFF8-94EBE705275B}.Release|x64.Build.0 = Release|Any CPU
		{476D5A96-AFB5-460B-BFF8-94EBE705275B}.Release|x86.ActiveCfg = Release|Any CPU
		{476D5A96-AFB5-460B-BFF8-94EBE705275B}.Release|x86.Build.0 = Release|Any CPU
		{1657438C-772C-4F18-A096-BB0E6CB25C0D}.Debug|Any CPU.ActiveCfg = Debug|Any CPU
		{1657438C-772C-4F18-A096-BB0E6CB25C0D}.Debug|Any CPU.Build.0 = Debug|Any CPU
		{1657438C-772C-4F18-A096-BB0E6CB25C0D}.Debug|ARM.ActiveCfg = Debug|Any CPU
		{1657438C-772C-4F18-A096-BB0E6CB25C0D}.Debug|x64.ActiveCfg = Debug|Any CPU
		{1657438C-772C-4F18-A096-BB0E6CB25C0D}.Debug|x86.ActiveCfg = Debug|Any CPU
		{1657438C-772C-4F18-A096-BB0E6CB25C0D}.Release|Any CPU.ActiveCfg = Release|Any CPU
		{1657438C-772C-4F18-A096-BB0E6CB25C0D}.Release|Any CPU.Build.0 = Release|Any CPU
		{1657438C-772C-4F18-A096-BB0E6CB25C0D}.Release|ARM.ActiveCfg = Release|Any CPU
		{1657438C-772C-4F18-A096-BB0E6CB25C0D}.Release|x64.ActiveCfg = Release|Any CPU
		{1657438C-772C-4F18-A096-BB0E6CB25C0D}.Release|x64.Build.0 = Release|Any CPU
		{1657438C-772C-4F18-A096-BB0E6CB25C0D}.Release|x86.ActiveCfg = Release|Any CPU
		{1657438C-772C-4F18-A096-BB0E6CB25C0D}.Release|x86.Build.0 = Release|Any CPU
		{32F1AE3A-8979-4289-BDEB-4226B7C9F56F}.Debug|Any CPU.ActiveCfg = Debug|Any CPU
		{32F1AE3A-8979-4289-BDEB-4226B7C9F56F}.Debug|Any CPU.Build.0 = Debug|Any CPU
		{32F1AE3A-8979-4289-BDEB-4226B7C9F56F}.Debug|ARM.ActiveCfg = Debug|Any CPU
		{32F1AE3A-8979-4289-BDEB-4226B7C9F56F}.Debug|x64.ActiveCfg = Debug|Any CPU
		{32F1AE3A-8979-4289-BDEB-4226B7C9F56F}.Debug|x86.ActiveCfg = Debug|Any CPU
		{32F1AE3A-8979-4289-BDEB-4226B7C9F56F}.Release|Any CPU.ActiveCfg = Release|Any CPU
		{32F1AE3A-8979-4289-BDEB-4226B7C9F56F}.Release|Any CPU.Build.0 = Release|Any CPU
		{32F1AE3A-8979-4289-BDEB-4226B7C9F56F}.Release|ARM.ActiveCfg = Release|Any CPU
		{32F1AE3A-8979-4289-BDEB-4226B7C9F56F}.Release|x64.ActiveCfg = Release|Any CPU
		{32F1AE3A-8979-4289-BDEB-4226B7C9F56F}.Release|x86.ActiveCfg = Release|Any CPU
		{7115A4FE-EFBD-4046-8D6A-E4AC47FA77FA}.Debug|Any CPU.ActiveCfg = Debug|Any CPU
		{7115A4FE-EFBD-4046-8D6A-E4AC47FA77FA}.Debug|Any CPU.Build.0 = Debug|Any CPU
		{7115A4FE-EFBD-4046-8D6A-E4AC47FA77FA}.Debug|ARM.ActiveCfg = Debug|Any CPU
		{7115A4FE-EFBD-4046-8D6A-E4AC47FA77FA}.Debug|x64.ActiveCfg = Debug|Any CPU
		{7115A4FE-EFBD-4046-8D6A-E4AC47FA77FA}.Debug|x86.ActiveCfg = Debug|Any CPU
		{7115A4FE-EFBD-4046-8D6A-E4AC47FA77FA}.Release|Any CPU.ActiveCfg = Release|Any CPU
		{7115A4FE-EFBD-4046-8D6A-E4AC47FA77FA}.Release|Any CPU.Build.0 = Release|Any CPU
		{7115A4FE-EFBD-4046-8D6A-E4AC47FA77FA}.Release|ARM.ActiveCfg = Release|Any CPU
		{7115A4FE-EFBD-4046-8D6A-E4AC47FA77FA}.Release|x64.ActiveCfg = Release|Any CPU
		{7115A4FE-EFBD-4046-8D6A-E4AC47FA77FA}.Release|x86.ActiveCfg = Release|Any CPU
		{6145B47B-B84A-400E-B178-918E1130655C}.Debug|Any CPU.ActiveCfg = Debug|Any CPU
		{6145B47B-B84A-400E-B178-918E1130655C}.Debug|Any CPU.Build.0 = Debug|Any CPU
		{6145B47B-B84A-400E-B178-918E1130655C}.Debug|ARM.ActiveCfg = Debug|Any CPU
		{6145B47B-B84A-400E-B178-918E1130655C}.Debug|x64.ActiveCfg = Debug|Any CPU
		{6145B47B-B84A-400E-B178-918E1130655C}.Debug|x86.ActiveCfg = Debug|Any CPU
		{6145B47B-B84A-400E-B178-918E1130655C}.Release|Any CPU.ActiveCfg = Release|Any CPU
		{6145B47B-B84A-400E-B178-918E1130655C}.Release|Any CPU.Build.0 = Release|Any CPU
		{6145B47B-B84A-400E-B178-918E1130655C}.Release|ARM.ActiveCfg = Release|Any CPU
		{6145B47B-B84A-400E-B178-918E1130655C}.Release|x64.ActiveCfg = Release|Any CPU
		{6145B47B-B84A-400E-B178-918E1130655C}.Release|x86.ActiveCfg = Release|Any CPU
		{433F85CC-0E34-435C-A14D-4008CDB28AE4}.Debug|Any CPU.ActiveCfg = Debug|Any CPU
		{433F85CC-0E34-435C-A14D-4008CDB28AE4}.Debug|Any CPU.Build.0 = Debug|Any CPU
		{433F85CC-0E34-435C-A14D-4008CDB28AE4}.Debug|ARM.ActiveCfg = Debug|Any CPU
		{433F85CC-0E34-435C-A14D-4008CDB28AE4}.Debug|x64.ActiveCfg = Debug|Any CPU
		{433F85CC-0E34-435C-A14D-4008CDB28AE4}.Debug|x86.ActiveCfg = Debug|Any CPU
		{433F85CC-0E34-435C-A14D-4008CDB28AE4}.Release|Any CPU.ActiveCfg = Release|Any CPU
		{433F85CC-0E34-435C-A14D-4008CDB28AE4}.Release|Any CPU.Build.0 = Release|Any CPU
		{433F85CC-0E34-435C-A14D-4008CDB28AE4}.Release|ARM.ActiveCfg = Release|Any CPU
		{433F85CC-0E34-435C-A14D-4008CDB28AE4}.Release|x64.ActiveCfg = Release|Any CPU
		{433F85CC-0E34-435C-A14D-4008CDB28AE4}.Release|x86.ActiveCfg = Release|Any CPU
	EndGlobalSection
	GlobalSection(SolutionProperties) = preSolution
		HideSolutionNode = FALSE
	EndGlobalSection
	GlobalSection(NestedProjects) = preSolution
		{476D5A96-AFB5-460B-BFF8-94EBE705275B} = {DA8546D3-1EED-4DB2-ABC4-30727C2BB11F}
		{7115A4FE-EFBD-4046-8D6A-E4AC47FA77FA} = {DA8546D3-1EED-4DB2-ABC4-30727C2BB11F}
		{6145B47B-B84A-400E-B178-918E1130655C} = {DA8546D3-1EED-4DB2-ABC4-30727C2BB11F}
		{41E95EC1-13E6-4A5F-8674-71669C9510CA} = {DA8546D3-1EED-4DB2-ABC4-30727C2BB11F}
	EndGlobalSection
EndGlobal
